// !$*UTF8*$!
{
	archiveVersion = 1;
	classes = {
	};
	objectVersion = 46;
	objects = {

/* Begin PBXBuildFile section */
		9B1B480B3EB535CB0E254602 /* libPods.a in Frameworks */ = {isa = PBXBuildFile; fileRef = BFC79BC5DE179C14DDF7E31C /* libPods.a */; };
		E4616F6B1B183C25000CF6F9 /* main.m in Sources */ = {isa = PBXBuildFile; fileRef = E4616F6A1B183C25000CF6F9 /* main.m */; };
		E4616F6E1B183C25000CF6F9 /* AppDelegate.m in Sources */ = {isa = PBXBuildFile; fileRef = E4616F6D1B183C25000CF6F9 /* AppDelegate.m */; };
		E4616F741B183C25000CF6F9 /* Main.storyboard in Resources */ = {isa = PBXBuildFile; fileRef = E4616F721B183C25000CF6F9 /* Main.storyboard */; };
		E4616F761B183C25000CF6F9 /* Images.xcassets in Resources */ = {isa = PBXBuildFile; fileRef = E4616F751B183C25000CF6F9 /* Images.xcassets */; };
		E4616F791B183C25000CF6F9 /* LaunchScreen.xib in Resources */ = {isa = PBXBuildFile; fileRef = E4616F771B183C25000CF6F9 /* LaunchScreen.xib */; };
		E4616F851B183C25000CF6F9 /* InstabotTests.m in Sources */ = {isa = PBXBuildFile; fileRef = E4616F841B183C25000CF6F9 /* InstabotTests.m */; };
		E4616F961B1840DE000CF6F9 /* RequestTableViewController.m in Sources */ = {isa = PBXBuildFile; fileRef = E4616F951B1840DE000CF6F9 /* RequestTableViewController.m */; };
		E4616F991B184278000CF6F9 /* UserViewController.m in Sources */ = {isa = PBXBuildFile; fileRef = E4616F981B184278000CF6F9 /* UserViewController.m */; };
		E4616FA71B184372000CF6F9 /* InstagramUser.m in Sources */ = {isa = PBXBuildFile; fileRef = E4616F9C1B184372000CF6F9 /* InstagramUser.m */; };
		E4616FA81B184372000CF6F9 /* InstagramLoginResponse.m in Sources */ = {isa = PBXBuildFile; fileRef = E4616F9E1B184372000CF6F9 /* InstagramLoginResponse.m */; };
		E4616FA91B184372000CF6F9 /* InstagramLoginManager.m in Sources */ = {isa = PBXBuildFile; fileRef = E4616FA01B184372000CF6F9 /* InstagramLoginManager.m */; };
		E4616FAA1B184372000CF6F9 /* InstagramLoginUtils.m in Sources */ = {isa = PBXBuildFile; fileRef = E4616FA21B184372000CF6F9 /* InstagramLoginUtils.m */; };
		E4616FAB1B184372000CF6F9 /* PagingModel.m in Sources */ = {isa = PBXBuildFile; fileRef = E4616FA41B184372000CF6F9 /* PagingModel.m */; };
		E4616FAC1B184372000CF6F9 /* UserDataModule.m in Sources */ = {isa = PBXBuildFile; fileRef = E4616FA61B184372000CF6F9 /* UserDataModule.m */; };
		E4616FB11B18440A000CF6F9 /* LoginViewController.m in Sources */ = {isa = PBXBuildFile; fileRef = E4616FAF1B18440A000CF6F9 /* LoginViewController.m */; };
		E4616FB21B18440A000CF6F9 /* LoginViewController.xib in Resources */ = {isa = PBXBuildFile; fileRef = E4616FB01B18440A000CF6F9 /* LoginViewController.xib */; };
		E4616FB51B1844E6000CF6F9 /* GlobalVariables.m in Sources */ = {isa = PBXBuildFile; fileRef = E4616FB41B1844E6000CF6F9 /* GlobalVariables.m */; };
		E4616FB91B184666000CF6F9 /* FeedCollectionViewController.m in Sources */ = {isa = PBXBuildFile; fileRef = E4616FB81B184666000CF6F9 /* FeedCollectionViewController.m */; };
		E4616FBD1B184958000CF6F9 /* FeedCollectionViewCell.m in Sources */ = {isa = PBXBuildFile; fileRef = E4616FBB1B184958000CF6F9 /* FeedCollectionViewCell.m */; };
		E4616FBE1B184958000CF6F9 /* FeedCollectionViewCell.xib in Resources */ = {isa = PBXBuildFile; fileRef = E4616FBC1B184958000CF6F9 /* FeedCollectionViewCell.xib */; };
		E4616FC61B1877A8000CF6F9 /* RequestCollectionViewController.m in Sources */ = {isa = PBXBuildFile; fileRef = E4616FC51B1877A8000CF6F9 /* RequestCollectionViewController.m */; };
/* End PBXBuildFile section */

/* Begin PBXContainerItemProxy section */
		E4616F7F1B183C25000CF6F9 /* PBXContainerItemProxy */ = {
			isa = PBXContainerItemProxy;
			containerPortal = E4616F5D1B183C25000CF6F9 /* Project object */;
			proxyType = 1;
			remoteGlobalIDString = E4616F641B183C25000CF6F9;
			remoteInfo = Instabot;
		};
/* End PBXContainerItemProxy section */

/* Begin PBXFileReference section */
		32D2135A1C30BDC8E6FEB1B6 /* Pods.debug.xcconfig */ = {isa = PBXFileReference; includeInIndex = 1; lastKnownFileType = text.xcconfig; name = Pods.debug.xcconfig; path = "Pods/Target Support Files/Pods/Pods.debug.xcconfig"; sourceTree = "<group>"; };
		5976B06F8E1D76928C2E8C41 /* Pods.release.xcconfig */ = {isa = PBXFileReference; includeInIndex = 1; lastKnownFileType = text.xcconfig; name = Pods.release.xcconfig; path = "Pods/Target Support Files/Pods/Pods.release.xcconfig"; sourceTree = "<group>"; };
		BFC79BC5DE179C14DDF7E31C /* libPods.a */ = {isa = PBXFileReference; explicitFileType = archive.ar; includeInIndex = 0; path = libPods.a; sourceTree = BUILT_PRODUCTS_DIR; };
		E4616F651B183C25000CF6F9 /* Instabot.app */ = {isa = PBXFileReference; explicitFileType = wrapper.application; includeInIndex = 0; path = Instabot.app; sourceTree = BUILT_PRODUCTS_DIR; };
		E4616F691B183C25000CF6F9 /* Info.plist */ = {isa = PBXFileReference; lastKnownFileType = text.plist.xml; path = Info.plist; sourceTree = "<group>"; };
		E4616F6A1B183C25000CF6F9 /* main.m */ = {isa = PBXFileReference; lastKnownFileType = sourcecode.c.objc; path = main.m; sourceTree = "<group>"; };
		E4616F6C1B183C25000CF6F9 /* AppDelegate.h */ = {isa = PBXFileReference; lastKnownFileType = sourcecode.c.h; path = AppDelegate.h; sourceTree = "<group>"; };
		E4616F6D1B183C25000CF6F9 /* AppDelegate.m */ = {isa = PBXFileReference; lastKnownFileType = sourcecode.c.objc; path = AppDelegate.m; sourceTree = "<group>"; };
		E4616F731B183C25000CF6F9 /* Base */ = {isa = PBXFileReference; lastKnownFileType = file.storyboard; name = Base; path = Base.lproj/Main.storyboard; sourceTree = "<group>"; };
		E4616F751B183C25000CF6F9 /* Images.xcassets */ = {isa = PBXFileReference; lastKnownFileType = folder.assetcatalog; path = Images.xcassets; sourceTree = "<group>"; };
		E4616F781B183C25000CF6F9 /* Base */ = {isa = PBXFileReference; lastKnownFileType = file.xib; name = Base; path = Base.lproj/LaunchScreen.xib; sourceTree = "<group>"; };
		E4616F7E1B183C25000CF6F9 /* InstabotTests.xctest */ = {isa = PBXFileReference; explicitFileType = wrapper.cfbundle; includeInIndex = 0; path = InstabotTests.xctest; sourceTree = BUILT_PRODUCTS_DIR; };
		E4616F831B183C25000CF6F9 /* Info.plist */ = {isa = PBXFileReference; lastKnownFileType = text.plist.xml; path = Info.plist; sourceTree = "<group>"; };
		E4616F841B183C25000CF6F9 /* InstabotTests.m */ = {isa = PBXFileReference; lastKnownFileType = sourcecode.c.objc; path = InstabotTests.m; sourceTree = "<group>"; };
		E4616F941B1840DE000CF6F9 /* RequestTableViewController.h */ = {isa = PBXFileReference; fileEncoding = 4; lastKnownFileType = sourcecode.c.h; path = RequestTableViewController.h; sourceTree = "<group>"; };
		E4616F951B1840DE000CF6F9 /* RequestTableViewController.m */ = {isa = PBXFileReference; fileEncoding = 4; lastKnownFileType = sourcecode.c.objc; path = RequestTableViewController.m; sourceTree = "<group>"; };
		E4616F971B184278000CF6F9 /* UserViewController.h */ = {isa = PBXFileReference; fileEncoding = 4; lastKnownFileType = sourcecode.c.h; path = UserViewController.h; sourceTree = "<group>"; };
		E4616F981B184278000CF6F9 /* UserViewController.m */ = {isa = PBXFileReference; fileEncoding = 4; lastKnownFileType = sourcecode.c.objc; path = UserViewController.m; sourceTree = "<group>"; };
		E4616F9B1B184372000CF6F9 /* InstagramUser.h */ = {isa = PBXFileReference; fileEncoding = 4; lastKnownFileType = sourcecode.c.h; path = InstagramUser.h; sourceTree = "<group>"; };
		E4616F9C1B184372000CF6F9 /* InstagramUser.m */ = {isa = PBXFileReference; fileEncoding = 4; lastKnownFileType = sourcecode.c.objc; path = InstagramUser.m; sourceTree = "<group>"; };
		E4616F9D1B184372000CF6F9 /* InstagramLoginResponse.h */ = {isa = PBXFileReference; fileEncoding = 4; lastKnownFileType = sourcecode.c.h; path = InstagramLoginResponse.h; sourceTree = "<group>"; };
		E4616F9E1B184372000CF6F9 /* InstagramLoginResponse.m */ = {isa = PBXFileReference; fileEncoding = 4; lastKnownFileType = sourcecode.c.objc; path = InstagramLoginResponse.m; sourceTree = "<group>"; };
		E4616F9F1B184372000CF6F9 /* InstagramLoginManager.h */ = {isa = PBXFileReference; fileEncoding = 4; lastKnownFileType = sourcecode.c.h; path = InstagramLoginManager.h; sourceTree = "<group>"; };
		E4616FA01B184372000CF6F9 /* InstagramLoginManager.m */ = {isa = PBXFileReference; fileEncoding = 4; lastKnownFileType = sourcecode.c.objc; path = InstagramLoginManager.m; sourceTree = "<group>"; };
		E4616FA11B184372000CF6F9 /* InstagramLoginUtils.h */ = {isa = PBXFileReference; fileEncoding = 4; lastKnownFileType = sourcecode.c.h; path = InstagramLoginUtils.h; sourceTree = "<group>"; };
		E4616FA21B184372000CF6F9 /* InstagramLoginUtils.m */ = {isa = PBXFileReference; fileEncoding = 4; lastKnownFileType = sourcecode.c.objc; path = InstagramLoginUtils.m; sourceTree = "<group>"; };
		E4616FA31B184372000CF6F9 /* PagingModel.h */ = {isa = PBXFileReference; fileEncoding = 4; lastKnownFileType = sourcecode.c.h; path = PagingModel.h; sourceTree = "<group>"; };
		E4616FA41B184372000CF6F9 /* PagingModel.m */ = {isa = PBXFileReference; fileEncoding = 4; lastKnownFileType = sourcecode.c.objc; path = PagingModel.m; sourceTree = "<group>"; };
		E4616FA51B184372000CF6F9 /* UserDataModule.h */ = {isa = PBXFileReference; fileEncoding = 4; lastKnownFileType = sourcecode.c.h; path = UserDataModule.h; sourceTree = "<group>"; };
		E4616FA61B184372000CF6F9 /* UserDataModule.m */ = {isa = PBXFileReference; fileEncoding = 4; lastKnownFileType = sourcecode.c.objc; path = UserDataModule.m; sourceTree = "<group>"; };
		E4616FAD1B18438E000CF6F9 /* InstabotConfig.h */ = {isa = PBXFileReference; fileEncoding = 4; lastKnownFileType = sourcecode.c.h; path = InstabotConfig.h; sourceTree = "<group>"; };
		E4616FAE1B18440A000CF6F9 /* LoginViewController.h */ = {isa = PBXFileReference; fileEncoding = 4; lastKnownFileType = sourcecode.c.h; path = LoginViewController.h; sourceTree = "<group>"; };
		E4616FAF1B18440A000CF6F9 /* LoginViewController.m */ = {isa = PBXFileReference; fileEncoding = 4; lastKnownFileType = sourcecode.c.objc; path = LoginViewController.m; sourceTree = "<group>"; };
		E4616FB01B18440A000CF6F9 /* LoginViewController.xib */ = {isa = PBXFileReference; fileEncoding = 4; lastKnownFileType = file.xib; path = LoginViewController.xib; sourceTree = "<group>"; };
		E4616FB31B1844E6000CF6F9 /* GlobalVariables.h */ = {isa = PBXFileReference; fileEncoding = 4; lastKnownFileType = sourcecode.c.h; path = GlobalVariables.h; sourceTree = "<group>"; };
		E4616FB41B1844E6000CF6F9 /* GlobalVariables.m */ = {isa = PBXFileReference; fileEncoding = 4; lastKnownFileType = sourcecode.c.objc; path = GlobalVariables.m; sourceTree = "<group>"; };
		E4616FB61B184565000CF6F9 /* PrefixHeader.pch */ = {isa = PBXFileReference; lastKnownFileType = sourcecode.c.h; path = PrefixHeader.pch; sourceTree = "<group>"; };
		E4616FB71B184666000CF6F9 /* FeedCollectionViewController.h */ = {isa = PBXFileReference; fileEncoding = 4; lastKnownFileType = sourcecode.c.h; path = FeedCollectionViewController.h; sourceTree = "<group>"; };
		E4616FB81B184666000CF6F9 /* FeedCollectionViewController.m */ = {isa = PBXFileReference; fileEncoding = 4; lastKnownFileType = sourcecode.c.objc; path = FeedCollectionViewController.m; sourceTree = "<group>"; };
		E4616FBA1B184958000CF6F9 /* FeedCollectionViewCell.h */ = {isa = PBXFileReference; fileEncoding = 4; lastKnownFileType = sourcecode.c.h; path = FeedCollectionViewCell.h; sourceTree = "<group>"; };
		E4616FBB1B184958000CF6F9 /* FeedCollectionViewCell.m */ = {isa = PBXFileReference; fileEncoding = 4; lastKnownFileType = sourcecode.c.objc; path = FeedCollectionViewCell.m; sourceTree = "<group>"; };
		E4616FBC1B184958000CF6F9 /* FeedCollectionViewCell.xib */ = {isa = PBXFileReference; fileEncoding = 4; lastKnownFileType = file.xib; path = FeedCollectionViewCell.xib; sourceTree = "<group>"; };
		E4616FC41B1877A8000CF6F9 /* RequestCollectionViewController.h */ = {isa = PBXFileReference; fileEncoding = 4; lastKnownFileType = sourcecode.c.h; path = RequestCollectionViewController.h; sourceTree = "<group>"; };
		E4616FC51B1877A8000CF6F9 /* RequestCollectionViewController.m */ = {isa = PBXFileReference; fileEncoding = 4; lastKnownFileType = sourcecode.c.objc; path = RequestCollectionViewController.m; sourceTree = "<group>"; };
/* End PBXFileReference section */

/* Begin PBXFrameworksBuildPhase section */
		E4616F621B183C25000CF6F9 /* Frameworks */ = {
			isa = PBXFrameworksBuildPhase;
			buildActionMask = 2147483647;
			files = (
				9B1B480B3EB535CB0E254602 /* libPods.a in Frameworks */,
			);
			runOnlyForDeploymentPostprocessing = 0;
		};
		E4616F7B1B183C25000CF6F9 /* Frameworks */ = {
			isa = PBXFrameworksBuildPhase;
			buildActionMask = 2147483647;
			files = (
			);
			runOnlyForDeploymentPostprocessing = 0;
		};
/* End PBXFrameworksBuildPhase section */

/* Begin PBXGroup section */
		595027F934DCC5C2B4F94715 /* Pods */ = {
			isa = PBXGroup;
			children = (
				32D2135A1C30BDC8E6FEB1B6 /* Pods.debug.xcconfig */,
				5976B06F8E1D76928C2E8C41 /* Pods.release.xcconfig */,
			);
			name = Pods;
			sourceTree = "<group>";
		};
		B284C5940F9DD4A999F1516A /* Frameworks */ = {
			isa = PBXGroup;
			children = (
				BFC79BC5DE179C14DDF7E31C /* libPods.a */,
			);
			name = Frameworks;
			sourceTree = "<group>";
		};
		E4616F5C1B183C25000CF6F9 = {
			isa = PBXGroup;
			children = (
				E4616F671B183C25000CF6F9 /* Instabot */,
				E4616F811B183C25000CF6F9 /* InstabotTests */,
				E4616F661B183C25000CF6F9 /* Products */,
				595027F934DCC5C2B4F94715 /* Pods */,
				B284C5940F9DD4A999F1516A /* Frameworks */,
			);
			sourceTree = "<group>";
		};
		E4616F661B183C25000CF6F9 /* Products */ = {
			isa = PBXGroup;
			children = (
				E4616F651B183C25000CF6F9 /* Instabot.app */,
				E4616F7E1B183C25000CF6F9 /* InstabotTests.xctest */,
			);
			name = Products;
			sourceTree = "<group>";
		};
		E4616F671B183C25000CF6F9 /* Instabot */ = {
			isa = PBXGroup;
			children = (
				E4616F931B183D0C000CF6F9 /* Views */,
				E4616F921B183CE2000CF6F9 /* Images */,
				E4616F901B183C7D000CF6F9 /* Helpers */,
				E4616F8F1B183C70000CF6F9 /* Cells */,
				E4616F8E1B183C68000CF6F9 /* ViewControllers */,
				E4616F6C1B183C25000CF6F9 /* AppDelegate.h */,
				E4616F6D1B183C25000CF6F9 /* AppDelegate.m */,
				E4616F721B183C25000CF6F9 /* Main.storyboard */,
				E4616F751B183C25000CF6F9 /* Images.xcassets */,
				E4616F771B183C25000CF6F9 /* LaunchScreen.xib */,
				E4616F681B183C25000CF6F9 /* Supporting Files */,
			);
			path = Instabot;
			sourceTree = "<group>";
		};
		E4616F681B183C25000CF6F9 /* Supporting Files */ = {
			isa = PBXGroup;
			children = (
				E4616F691B183C25000CF6F9 /* Info.plist */,
				E4616F6A1B183C25000CF6F9 /* main.m */,
				E4616FB61B184565000CF6F9 /* PrefixHeader.pch */,
			);
			name = "Supporting Files";
			sourceTree = "<group>";
		};
		E4616F811B183C25000CF6F9 /* InstabotTests */ = {
			isa = PBXGroup;
			children = (
				E4616F841B183C25000CF6F9 /* InstabotTests.m */,
				E4616F821B183C25000CF6F9 /* Supporting Files */,
			);
			path = InstabotTests;
			sourceTree = "<group>";
		};
		E4616F821B183C25000CF6F9 /* Supporting Files */ = {
			isa = PBXGroup;
			children = (
				E4616F831B183C25000CF6F9 /* Info.plist */,
			);
			name = "Supporting Files";
			sourceTree = "<group>";
		};
		E4616F8E1B183C68000CF6F9 /* ViewControllers */ = {
			isa = PBXGroup;
			children = (
				E4616F941B1840DE000CF6F9 /* RequestTableViewController.h */,
				E4616F951B1840DE000CF6F9 /* RequestTableViewController.m */,
				E4616F971B184278000CF6F9 /* UserViewController.h */,
				E4616F981B184278000CF6F9 /* UserViewController.m */,
				E4616FAE1B18440A000CF6F9 /* LoginViewController.h */,
				E4616FAF1B18440A000CF6F9 /* LoginViewController.m */,
				E4616FB01B18440A000CF6F9 /* LoginViewController.xib */,
				E4616FB71B184666000CF6F9 /* FeedCollectionViewController.h */,
				E4616FB81B184666000CF6F9 /* FeedCollectionViewController.m */,
				E4616FC41B1877A8000CF6F9 /* RequestCollectionViewController.h */,
				E4616FC51B1877A8000CF6F9 /* RequestCollectionViewController.m */,
			);
			path = ViewControllers;
			sourceTree = "<group>";
		};
		E4616F8F1B183C70000CF6F9 /* Cells */ = {
			isa = PBXGroup;
			children = (
				E4616FBA1B184958000CF6F9 /* FeedCollectionViewCell.h */,
				E4616FBB1B184958000CF6F9 /* FeedCollectionViewCell.m */,
				E4616FBC1B184958000CF6F9 /* FeedCollectionViewCell.xib */,
			);
			path = Cells;
			sourceTree = "<group>";
		};
		E4616F901B183C7D000CF6F9 /* Helpers */ = {
			isa = PBXGroup;
			children = (
				E4616FB31B1844E6000CF6F9 /* GlobalVariables.h */,
				E4616FB41B1844E6000CF6F9 /* GlobalVariables.m */,
				E4616F911B183CB2000CF6F9 /* Entity */,
				E4616FAD1B18438E000CF6F9 /* InstabotConfig.h */,
			);
			path = Helpers;
			sourceTree = "<group>";
		};
		E4616F911B183CB2000CF6F9 /* Entity */ = {
			isa = PBXGroup;
			children = (
				E4616F9A1B18436B000CF6F9 /* UserEntity */,
			);
			path = Entity;
			sourceTree = "<group>";
		};
		E4616F921B183CE2000CF6F9 /* Images */ = {
			isa = PBXGroup;
			children = (
			);
			path = Images;
			sourceTree = "<group>";
		};
		E4616F931B183D0C000CF6F9 /* Views */ = {
			isa = PBXGroup;
			children = (
			);
			path = Views;
			sourceTree = "<group>";
		};
		E4616F9A1B18436B000CF6F9 /* UserEntity */ = {
			isa = PBXGroup;
			children = (
				E4616F9B1B184372000CF6F9 /* InstagramUser.h */,
				E4616F9C1B184372000CF6F9 /* InstagramUser.m */,
				E4616F9D1B184372000CF6F9 /* InstagramLoginResponse.h */,
				E4616F9E1B184372000CF6F9 /* InstagramLoginResponse.m */,
				E4616F9F1B184372000CF6F9 /* InstagramLoginManager.h */,
				E4616FA01B184372000CF6F9 /* InstagramLoginManager.m */,
				E4616FA11B184372000CF6F9 /* InstagramLoginUtils.h */,
				E4616FA21B184372000CF6F9 /* InstagramLoginUtils.m */,
				E4616FA31B184372000CF6F9 /* PagingModel.h */,
				E4616FA41B184372000CF6F9 /* PagingModel.m */,
				E4616FA51B184372000CF6F9 /* UserDataModule.h */,
				E4616FA61B184372000CF6F9 /* UserDataModule.m */,
			);
			path = UserEntity;
			sourceTree = "<group>";
		};
/* End PBXGroup section */

/* Begin PBXNativeTarget section */
		E4616F641B183C25000CF6F9 /* Instabot */ = {
			isa = PBXNativeTarget;
			buildConfigurationList = E4616F881B183C25000CF6F9 /* Build configuration list for PBXNativeTarget "Instabot" */;
			buildPhases = (
				9CAF2F78FA6F243068E3FF2F /* Check Pods Manifest.lock */,
				E4616F611B183C25000CF6F9 /* Sources */,
				E4616F621B183C25000CF6F9 /* Frameworks */,
				E4616F631B183C25000CF6F9 /* Resources */,
				08FEBB3E5078D0B53FBD95CE /* Copy Pods Resources */,
			);
			buildRules = (
			);
			dependencies = (
			);
			name = Instabot;
			productName = Instabot;
			productReference = E4616F651B183C25000CF6F9 /* Instabot.app */;
			productType = "com.apple.product-type.application";
		};
		E4616F7D1B183C25000CF6F9 /* InstabotTests */ = {
			isa = PBXNativeTarget;
			buildConfigurationList = E4616F8B1B183C25000CF6F9 /* Build configuration list for PBXNativeTarget "InstabotTests" */;
			buildPhases = (
				E4616F7A1B183C25000CF6F9 /* Sources */,
				E4616F7B1B183C25000CF6F9 /* Frameworks */,
				E4616F7C1B183C25000CF6F9 /* Resources */,
			);
			buildRules = (
			);
			dependencies = (
				E4616F801B183C25000CF6F9 /* PBXTargetDependency */,
			);
			name = InstabotTests;
			productName = InstabotTests;
			productReference = E4616F7E1B183C25000CF6F9 /* InstabotTests.xctest */;
			productType = "com.apple.product-type.bundle.unit-test";
		};
/* End PBXNativeTarget section */

/* Begin PBXProject section */
		E4616F5D1B183C25000CF6F9 /* Project object */ = {
			isa = PBXProject;
			attributes = {
				LastUpgradeCheck = 0630;
				ORGANIZATIONNAME = "Junwei Lyu";
				TargetAttributes = {
					E4616F641B183C25000CF6F9 = {
						CreatedOnToolsVersion = 6.3;
					};
					E4616F7D1B183C25000CF6F9 = {
						CreatedOnToolsVersion = 6.3;
						TestTargetID = E4616F641B183C25000CF6F9;
					};
				};
			};
			buildConfigurationList = E4616F601B183C25000CF6F9 /* Build configuration list for PBXProject "Instabot" */;
			compatibilityVersion = "Xcode 3.2";
			developmentRegion = English;
			hasScannedForEncodings = 0;
			knownRegions = (
				en,
				Base,
			);
			mainGroup = E4616F5C1B183C25000CF6F9;
			productRefGroup = E4616F661B183C25000CF6F9 /* Products */;
			projectDirPath = "";
			projectRoot = "";
			targets = (
				E4616F641B183C25000CF6F9 /* Instabot */,
				E4616F7D1B183C25000CF6F9 /* InstabotTests */,
			);
		};
/* End PBXProject section */

/* Begin PBXResourcesBuildPhase section */
		E4616F631B183C25000CF6F9 /* Resources */ = {
			isa = PBXResourcesBuildPhase;
			buildActionMask = 2147483647;
			files = (
				E4616FB21B18440A000CF6F9 /* LoginViewController.xib in Resources */,
				E4616F741B183C25000CF6F9 /* Main.storyboard in Resources */,
				E4616F791B183C25000CF6F9 /* LaunchScreen.xib in Resources */,
				E4616FBE1B184958000CF6F9 /* FeedCollectionViewCell.xib in Resources */,
				E4616F761B183C25000CF6F9 /* Images.xcassets in Resources */,
			);
			runOnlyForDeploymentPostprocessing = 0;
		};
		E4616F7C1B183C25000CF6F9 /* Resources */ = {
			isa = PBXResourcesBuildPhase;
			buildActionMask = 2147483647;
			files = (
			);
			runOnlyForDeploymentPostprocessing = 0;
		};
/* End PBXResourcesBuildPhase section */

/* Begin PBXShellScriptBuildPhase section */
		08FEBB3E5078D0B53FBD95CE /* Copy Pods Resources */ = {
			isa = PBXShellScriptBuildPhase;
			buildActionMask = 2147483647;
			files = (
			);
			inputPaths = (
			);
			name = "Copy Pods Resources";
			outputPaths = (
			);
			runOnlyForDeploymentPostprocessing = 0;
			shellPath = /bin/sh;
			shellScript = "\"${SRCROOT}/Pods/Target Support Files/Pods/Pods-resources.sh\"\n";
			showEnvVarsInLog = 0;
		};
		9CAF2F78FA6F243068E3FF2F /* Check Pods Manifest.lock */ = {
			isa = PBXShellScriptBuildPhase;
			buildActionMask = 2147483647;
			files = (
			);
			inputPaths = (
			);
			name = "Check Pods Manifest.lock";
			outputPaths = (
			);
			runOnlyForDeploymentPostprocessing = 0;
			shellPath = /bin/sh;
			shellScript = "diff \"${PODS_ROOT}/../Podfile.lock\" \"${PODS_ROOT}/Manifest.lock\" > /dev/null\nif [[ $? != 0 ]] ; then\n    cat << EOM\nerror: The sandbox is not in sync with the Podfile.lock. Run 'pod install' or update your CocoaPods installation.\nEOM\n    exit 1\nfi\n";
			showEnvVarsInLog = 0;
		};
/* End PBXShellScriptBuildPhase section */

/* Begin PBXSourcesBuildPhase section */
		E4616F611B183C25000CF6F9 /* Sources */ = {
			isa = PBXSourcesBuildPhase;
			buildActionMask = 2147483647;
			files = (
				E4616FAA1B184372000CF6F9 /* InstagramLoginUtils.m in Sources */,
				E4616FB91B184666000CF6F9 /* FeedCollectionViewController.m in Sources */,
				E4616FC61B1877A8000CF6F9 /* RequestCollectionViewController.m in Sources */,
				E4616F991B184278000CF6F9 /* UserViewController.m in Sources */,
				E4616F6E1B183C25000CF6F9 /* AppDelegate.m in Sources */,
				E4616FA81B184372000CF6F9 /* InstagramLoginResponse.m in Sources */,
				E4616FAC1B184372000CF6F9 /* UserDataModule.m in Sources */,
				E4616FAB1B184372000CF6F9 /* PagingModel.m in Sources */,
				E4616FB51B1844E6000CF6F9 /* GlobalVariables.m in Sources */,
				E4616FA91B184372000CF6F9 /* InstagramLoginManager.m in Sources */,
				E4616FB11B18440A000CF6F9 /* LoginViewController.m in Sources */,
				E4616FBD1B184958000CF6F9 /* FeedCollectionViewCell.m in Sources */,
				E4616FA71B184372000CF6F9 /* InstagramUser.m in Sources */,
				E4616F6B1B183C25000CF6F9 /* main.m in Sources */,
				E4616F961B1840DE000CF6F9 /* RequestTableViewController.m in Sources */,
			);
			runOnlyForDeploymentPostprocessing = 0;
		};
		E4616F7A1B183C25000CF6F9 /* Sources */ = {
			isa = PBXSourcesBuildPhase;
			buildActionMask = 2147483647;
			files = (
				E4616F851B183C25000CF6F9 /* InstabotTests.m in Sources */,
			);
			runOnlyForDeploymentPostprocessing = 0;
		};
/* End PBXSourcesBuildPhase section */

/* Begin PBXTargetDependency section */
		E4616F801B183C25000CF6F9 /* PBXTargetDependency */ = {
			isa = PBXTargetDependency;
			target = E4616F641B183C25000CF6F9 /* Instabot */;
			targetProxy = E4616F7F1B183C25000CF6F9 /* PBXContainerItemProxy */;
		};
/* End PBXTargetDependency section */

/* Begin PBXVariantGroup section */
		E4616F721B183C25000CF6F9 /* Main.storyboard */ = {
			isa = PBXVariantGroup;
			children = (
				E4616F731B183C25000CF6F9 /* Base */,
			);
			name = Main.storyboard;
			sourceTree = "<group>";
		};
		E4616F771B183C25000CF6F9 /* LaunchScreen.xib */ = {
			isa = PBXVariantGroup;
			children = (
				E4616F781B183C25000CF6F9 /* Base */,
			);
			name = LaunchScreen.xib;
			sourceTree = "<group>";
		};
/* End PBXVariantGroup section */

/* Begin XCBuildConfiguration section */
		E4616F861B183C25000CF6F9 /* Debug */ = {
			isa = XCBuildConfiguration;
			buildSettings = {
				ALWAYS_SEARCH_USER_PATHS = NO;
				CLANG_CXX_LANGUAGE_STANDARD = "gnu++0x";
				CLANG_CXX_LIBRARY = "libc++";
				CLANG_ENABLE_MODULES = YES;
				CLANG_ENABLE_OBJC_ARC = YES;
				CLANG_WARN_BOOL_CONVERSION = YES;
				CLANG_WARN_CONSTANT_CONVERSION = YES;
				CLANG_WARN_DIRECT_OBJC_ISA_USAGE = YES_ERROR;
				CLANG_WARN_EMPTY_BODY = YES;
				CLANG_WARN_ENUM_CONVERSION = YES;
				CLANG_WARN_INT_CONVERSION = YES;
				CLANG_WARN_OBJC_ROOT_CLASS = YES_ERROR;
				CLANG_WARN_UNREACHABLE_CODE = YES;
				CLANG_WARN__DUPLICATE_METHOD_MATCH = YES;
				"CODE_SIGN_IDENTITY[sdk=iphoneos*]" = "iPhone Developer";
				COPY_PHASE_STRIP = NO;
				DEBUG_INFORMATION_FORMAT = "dwarf-with-dsym";
				ENABLE_STRICT_OBJC_MSGSEND = YES;
				GCC_C_LANGUAGE_STANDARD = gnu99;
				GCC_DYNAMIC_NO_PIC = NO;
				GCC_NO_COMMON_BLOCKS = YES;
				GCC_OPTIMIZATION_LEVEL = 0;
				GCC_PREPROCESSOR_DEFINITIONS = (
					"DEBUG=1",
					"$(inherited)",
				);
				GCC_SYMBOLS_PRIVATE_EXTERN = NO;
				GCC_WARN_64_TO_32_BIT_CONVERSION = YES;
				GCC_WARN_ABOUT_RETURN_TYPE = YES_ERROR;
				GCC_WARN_UNDECLARED_SELECTOR = YES;
				GCC_WARN_UNINITIALIZED_AUTOS = YES_AGGRESSIVE;
				GCC_WARN_UNUSED_FUNCTION = YES;
				GCC_WARN_UNUSED_VARIABLE = YES;
				IPHONEOS_DEPLOYMENT_TARGET = 8.3;
				MTL_ENABLE_DEBUG_INFO = YES;
				ONLY_ACTIVE_ARCH = YES;
				SDKROOT = iphoneos;
			};
			name = Debug;
		};
		E4616F871B183C25000CF6F9 /* Release */ = {
			isa = XCBuildConfiguration;
			buildSettings = {
				ALWAYS_SEARCH_USER_PATHS = NO;
				CLANG_CXX_LANGUAGE_STANDARD = "gnu++0x";
				CLANG_CXX_LIBRARY = "libc++";
				CLANG_ENABLE_MODULES = YES;
				CLANG_ENABLE_OBJC_ARC = YES;
				CLANG_WARN_BOOL_CONVERSION = YES;
				CLANG_WARN_CONSTANT_CONVERSION = YES;
				CLANG_WARN_DIRECT_OBJC_ISA_USAGE = YES_ERROR;
				CLANG_WARN_EMPTY_BODY = YES;
				CLANG_WARN_ENUM_CONVERSION = YES;
				CLANG_WARN_INT_CONVERSION = YES;
				CLANG_WARN_OBJC_ROOT_CLASS = YES_ERROR;
				CLANG_WARN_UNREACHABLE_CODE = YES;
				CLANG_WARN__DUPLICATE_METHOD_MATCH = YES;
				"CODE_SIGN_IDENTITY[sdk=iphoneos*]" = "iPhone Developer";
				COPY_PHASE_STRIP = NO;
				DEBUG_INFORMATION_FORMAT = "dwarf-with-dsym";
				ENABLE_NS_ASSERTIONS = NO;
				ENABLE_STRICT_OBJC_MSGSEND = YES;
				GCC_C_LANGUAGE_STANDARD = gnu99;
				GCC_NO_COMMON_BLOCKS = YES;
				GCC_WARN_64_TO_32_BIT_CONVERSION = YES;
				GCC_WARN_ABOUT_RETURN_TYPE = YES_ERROR;
				GCC_WARN_UNDECLARED_SELECTOR = YES;
				GCC_WARN_UNINITIALIZED_AUTOS = YES_AGGRESSIVE;
				GCC_WARN_UNUSED_FUNCTION = YES;
				GCC_WARN_UNUSED_VARIABLE = YES;
				IPHONEOS_DEPLOYMENT_TARGET = 8.3;
				MTL_ENABLE_DEBUG_INFO = NO;
				SDKROOT = iphoneos;
				VALIDATE_PRODUCT = YES;
			};
			name = Release;
		};
		E4616F891B183C25000CF6F9 /* Debug */ = {
			isa = XCBuildConfiguration;
			baseConfigurationReference = 32D2135A1C30BDC8E6FEB1B6 /* Pods.debug.xcconfig */;
			buildSettings = {
				ASSETCATALOG_COMPILER_APPICON_NAME = AppIcon;
				GCC_PREFIX_HEADER = Instabot/PrefixHeader.pch;
				INFOPLIST_FILE = Instabot/Info.plist;
				IPHONEOS_DEPLOYMENT_TARGET = 8.1;
				LD_RUNPATH_SEARCH_PATHS = "$(inherited) @executable_path/Frameworks";
				PRODUCT_NAME = "$(TARGET_NAME)";
			};
			name = Debug;
		};
		E4616F8A1B183C25000CF6F9 /* Release */ = {
			isa = XCBuildConfiguration;
			baseConfigurationReference = 5976B06F8E1D76928C2E8C41 /* Pods.release.xcconfig */;
			buildSettings = {
				ASSETCATALOG_COMPILER_APPICON_NAME = AppIcon;
				GCC_PREFIX_HEADER = Instabot/PrefixHeader.pch;
				INFOPLIST_FILE = Instabot/Info.plist;
				IPHONEOS_DEPLOYMENT_TARGET = 8.1;
				LD_RUNPATH_SEARCH_PATHS = "$(inherited) @executable_path/Frameworks";
				PRODUCT_NAME = "$(TARGET_NAME)";
			};
			name = Release;
		};
		E4616F8C1B183C25000CF6F9 /* Debug */ = {
			isa = XCBuildConfiguration;
			buildSettings = {
				BUNDLE_LOADER = "$(TEST_HOST)";
				FRAMEWORK_SEARCH_PATHS = (
					"$(SDKROOT)/Developer/Library/Frameworks",
					"$(inherited)",
				);
				GCC_PREPROCESSOR_DEFINITIONS = (
					"DEBUG=1",
					"$(inherited)",
				);
				INFOPLIST_FILE = InstabotTests/Info.plist;
				LD_RUNPATH_SEARCH_PATHS = "$(inherited) @executable_path/Frameworks @loader_path/Frameworks";
				PRODUCT_NAME = "$(TARGET_NAME)";
				TEST_HOST = "$(BUILT_PRODUCTS_DIR)/Instabot.app/Instabot";
			};
			name = Debug;
		};
		E4616F8D1B183C25000CF6F9 /* Release */ = {
			isa = XCBuildConfiguration;
			buildSettings = {
				BUNDLE_LOADER = "$(TEST_HOST)";
				FRAMEWORK_SEARCH_PATHS = (
					"$(SDKROOT)/Developer/Library/Frameworks",
					"$(inherited)",
				);
				INFOPLIST_FILE = InstabotTests/Info.plist;
				LD_RUNPATH_SEARCH_PATHS = "$(inherited) @executable_path/Frameworks @loader_path/Frameworks";
				PRODUCT_NAME = "$(TARGET_NAME)";
				TEST_HOST = "$(BUILT_PRODUCTS_DIR)/Instabot.app/Instabot";
			};
			name = Release;
		};
/* End XCBuildConfiguration section */

/* Begin XCConfigurationList section */
		E4616F601B183C25000CF6F9 /* Build configuration list for PBXProject "Instabot" */ = {
			isa = XCConfigurationList;
			buildConfigurations = (
				E4616F861B183C25000CF6F9 /* Debug */,
				E4616F871B183C25000CF6F9 /* Release */,
			);
			defaultConfigurationIsVisible = 0;
			defaultConfigurationName = Release;
		};
		E4616F881B183C25000CF6F9 /* Build configuration list for PBXNativeTarget "Instabot" */ = {
			isa = XCConfigurationList;
			buildConfigurations = (
				E4616F891B183C25000CF6F9 /* Debug */,
				E4616F8A1B183C25000CF6F9 /* Release */,
			);
			defaultConfigurationIsVisible = 0;
			defaultConfigurationName = Release;
		};
		E4616F8B1B183C25000CF6F9 /* Build configuration list for PBXNativeTarget "InstabotTests" */ = {
			isa = XCConfigurationList;
			buildConfigurations = (
				E4616F8C1B183C25000CF6F9 /* Debug */,
				E4616F8D1B183C25000CF6F9 /* Release */,
			);
			defaultConfigurationIsVisible = 0;
			defaultConfigurationName = Release;
		};
/* End XCConfigurationList section */
	};
	rootObject = E4616F5D1B183C25000CF6F9 /* Project object */;
}
